// !$*UTF8*$!
{
	archiveVersion = 1;
	classes = {
	};
	objectVersion = 56;
	objects = {

/* Begin PBXBuildFile section */
		652C791F2AE570EC004FACAD /* AppDelegate.swift in Sources */ = {isa = PBXBuildFile; fileRef = 652C791E2AE570EC004FACAD /* AppDelegate.swift */; };
		652C79212AE570EC004FACAD /* SceneDelegate.swift in Sources */ = {isa = PBXBuildFile; fileRef = 652C79202AE570EC004FACAD /* SceneDelegate.swift */; };
		652C79232AE570EC004FACAD /* ViewController.swift in Sources */ = {isa = PBXBuildFile; fileRef = 652C79222AE570EC004FACAD /* ViewController.swift */; };
		652C79262AE570EC004FACAD /* Main.storyboard in Resources */ = {isa = PBXBuildFile; fileRef = 652C79242AE570EC004FACAD /* Main.storyboard */; };
		652C79282AE570ED004FACAD /* Assets.xcassets in Resources */ = {isa = PBXBuildFile; fileRef = 652C79272AE570ED004FACAD /* Assets.xcassets */; };
		652C792B2AE570ED004FACAD /* LaunchScreen.storyboard in Resources */ = {isa = PBXBuildFile; fileRef = 652C79292AE570ED004FACAD /* LaunchScreen.storyboard */; };
		652E19382AE57F020078197B /* TextFieldIndicator.swift in Sources */ = {isa = PBXBuildFile; fileRef = 652E19372AE57F020078197B /* TextFieldIndicator.swift */; };
		652E193B2AE585DF0078197B /* Bancomponent in Frameworks */ = {isa = PBXBuildFile; productRef = 652E193A2AE585DF0078197B /* Bancomponent */; };
/* End PBXBuildFile section */

/* Begin PBXFileReference section */
		652C791B2AE570EC004FACAD /* Bancomponent-Demo.app */ = {isa = PBXFileReference; explicitFileType = wrapper.application; includeInIndex = 0; path = "Bancomponent-Demo.app"; sourceTree = BUILT_PRODUCTS_DIR; };
		652C791E2AE570EC004FACAD /* AppDelegate.swift */ = {isa = PBXFileReference; lastKnownFileType = sourcecode.swift; path = AppDelegate.swift; sourceTree = "<group>"; };
		652C79202AE570EC004FACAD /* SceneDelegate.swift */ = {isa = PBXFileReference; lastKnownFileType = sourcecode.swift; path = SceneDelegate.swift; sourceTree = "<group>"; };
		652C79222AE570EC004FACAD /* ViewController.swift */ = {isa = PBXFileReference; lastKnownFileType = sourcecode.swift; path = ViewController.swift; sourceTree = "<group>"; };
		652C79252AE570EC004FACAD /* Base */ = {isa = PBXFileReference; lastKnownFileType = file.storyboard; name = Base; path = Base.lproj/Main.storyboard; sourceTree = "<group>"; };
		652C79272AE570ED004FACAD /* Assets.xcassets */ = {isa = PBXFileReference; lastKnownFileType = folder.assetcatalog; path = Assets.xcassets; sourceTree = "<group>"; };
		652C792A2AE570ED004FACAD /* Base */ = {isa = PBXFileReference; lastKnownFileType = file.storyboard; name = Base; path = Base.lproj/LaunchScreen.storyboard; sourceTree = "<group>"; };
		652C792C2AE570ED004FACAD /* Info.plist */ = {isa = PBXFileReference; lastKnownFileType = text.plist.xml; path = Info.plist; sourceTree = "<group>"; };
		652E19372AE57F020078197B /* TextFieldIndicator.swift */ = {isa = PBXFileReference; lastKnownFileType = sourcecode.swift; path = TextFieldIndicator.swift; sourceTree = "<group>"; };
/* End PBXFileReference section */

/* Begin PBXFrameworksBuildPhase section */
		652C79182AE570EC004FACAD /* Frameworks */ = {
			isa = PBXFrameworksBuildPhase;
			buildActionMask = 2147483647;
			files = (
				652E193B2AE585DF0078197B /* Bancomponent in Frameworks */,
			);
			runOnlyForDeploymentPostprocessing = 0;
		};
/* End PBXFrameworksBuildPhase section */

/* Begin PBXGroup section */
		652C79122AE570EC004FACAD = {
			isa = PBXGroup;
			children = (
				652C791D2AE570EC004FACAD /* Bancomponent-Demo */,
				652C791C2AE570EC004FACAD /* Products */,
				652E19392AE585DF0078197B /* Frameworks */,
			);
			sourceTree = "<group>";
		};
		652C791C2AE570EC004FACAD /* Products */ = {
			isa = PBXGroup;
			children = (
				652C791B2AE570EC004FACAD /* Bancomponent-Demo.app */,
			);
			name = Products;
			sourceTree = "<group>";
		};
		652C791D2AE570EC004FACAD /* Bancomponent-Demo */ = {
			isa = PBXGroup;
			children = (
				652C791E2AE570EC004FACAD /* AppDelegate.swift */,
				652C79202AE570EC004FACAD /* SceneDelegate.swift */,
				652C79222AE570EC004FACAD /* ViewController.swift */,
				652C79242AE570EC004FACAD /* Main.storyboard */,
				652C79272AE570ED004FACAD /* Assets.xcassets */,
				652C79292AE570ED004FACAD /* LaunchScreen.storyboard */,
				652C792C2AE570ED004FACAD /* Info.plist */,
				652E19372AE57F020078197B /* TextFieldIndicator.swift */,
			);
			path = "Bancomponent-Demo";
			sourceTree = "<group>";
		};
		652E19392AE585DF0078197B /* Frameworks */ = {
			isa = PBXGroup;
			children = (
			);
			name = Frameworks;
			sourceTree = "<group>";
		};
/* End PBXGroup section */

/* Begin PBXNativeTarget section */
		652C791A2AE570EC004FACAD /* Bancomponent-Demo */ = {
			isa = PBXNativeTarget;
			buildConfigurationList = 652C792F2AE570ED004FACAD /* Build configuration list for PBXNativeTarget "Bancomponent-Demo" */;
			buildPhases = (
				652C79172AE570EC004FACAD /* Sources */,
				652C79182AE570EC004FACAD /* Frameworks */,
				652C79192AE570EC004FACAD /* Resources */,
			);
			buildRules = (
			);
			dependencies = (
			);
			name = "Bancomponent-Demo";
			packageProductDependencies = (
				652E193A2AE585DF0078197B /* Bancomponent */,
			);
			productName = "Bancomponent-Demo";
			productReference = 652C791B2AE570EC004FACAD /* Bancomponent-Demo.app */;
			productType = "com.apple.product-type.application";
		};
/* End PBXNativeTarget section */

/* Begin PBXProject section */
		652C79132AE570EC004FACAD /* Project object */ = {
			isa = PBXProject;
			attributes = {
				BuildIndependentTargetsInParallel = 1;
				LastSwiftUpdateCheck = 1410;
				LastUpgradeCheck = 1410;
				TargetAttributes = {
					652C791A2AE570EC004FACAD = {
						CreatedOnToolsVersion = 14.1;
					};
				};
			};
			buildConfigurationList = 652C79162AE570EC004FACAD /* Build configuration list for PBXProject "Bancomponent-Demo" */;
			compatibilityVersion = "Xcode 14.0";
			developmentRegion = en;
			hasScannedForEncodings = 0;
			knownRegions = (
				en,
				Base,
			);
			mainGroup = 652C79122AE570EC004FACAD;
			packageReferences = (
				652E19342AE57C740078197B /* XCRemoteSwiftPackageReference "Bancomponent" */,
			);
			productRefGroup = 652C791C2AE570EC004FACAD /* Products */;
			projectDirPath = "";
			projectRoot = "";
			targets = (
				652C791A2AE570EC004FACAD /* Bancomponent-Demo */,
			);
		};
/* End PBXProject section */

/* Begin PBXResourcesBuildPhase section */
		652C79192AE570EC004FACAD /* Resources */ = {
			isa = PBXResourcesBuildPhase;
			buildActionMask = 2147483647;
			files = (
				652C792B2AE570ED004FACAD /* LaunchScreen.storyboard in Resources */,
				652C79282AE570ED004FACAD /* Assets.xcassets in Resources */,
				652C79262AE570EC004FACAD /* Main.storyboard in Resources */,
			);
			runOnlyForDeploymentPostprocessing = 0;
		};
/* End PBXResourcesBuildPhase section */

/* Begin PBXSourcesBuildPhase section */
		652C79172AE570EC004FACAD /* Sources */ = {
			isa = PBXSourcesBuildPhase;
			buildActionMask = 2147483647;
			files = (
				652C79232AE570EC004FACAD /* ViewController.swift in Sources */,
				652E19382AE57F020078197B /* TextFieldIndicator.swift in Sources */,
				652C791F2AE570EC004FACAD /* AppDelegate.swift in Sources */,
				652C79212AE570EC004FACAD /* SceneDelegate.swift in Sources */,
			);
			runOnlyForDeploymentPostprocessing = 0;
		};
/* End PBXSourcesBuildPhase section */

/* Begin PBXVariantGroup section */
		652C79242AE570EC004FACAD /* Main.storyboard */ = {
			isa = PBXVariantGroup;
			children = (
				652C79252AE570EC004FACAD /* Base */,
			);
			name = Main.storyboard;
			sourceTree = "<group>";
		};
		652C79292AE570ED004FACAD /* LaunchScreen.storyboard */ = {
			isa = PBXVariantGroup;
			children = (
				652C792A2AE570ED004FACAD /* Base */,
			);
			name = LaunchScreen.storyboard;
			sourceTree = "<group>";
		};
/* End PBXVariantGroup section */

/* Begin XCBuildConfiguration section */
		652C792D2AE570ED004FACAD /* Debug */ = {
			isa = XCBuildConfiguration;
			buildSettings = {
				ALWAYS_SEARCH_USER_PATHS = NO;
				CLANG_ANALYZER_NONNULL = YES;
				CLANG_ANALYZER_NUMBER_OBJECT_CONVERSION = YES_AGGRESSIVE;
				CLANG_CXX_LANGUAGE_STANDARD = "gnu++20";
				CLANG_ENABLE_MODULES = YES;
				CLANG_ENABLE_OBJC_ARC = YES;
				CLANG_ENABLE_OBJC_WEAK = YES;
				CLANG_WARN_BLOCK_CAPTURE_AUTORELEASING = YES;
				CLANG_WARN_BOOL_CONVERSION = YES;
				CLANG_WARN_COMMA = YES;
				CLANG_WARN_CONSTANT_CONVERSION = YES;
				CLANG_WARN_DEPRECATED_OBJC_IMPLEMENTATIONS = YES;
				CLANG_WARN_DIRECT_OBJC_ISA_USAGE = YES_ERROR;
				CLANG_WARN_DOCUMENTATION_COMMENTS = YES;
				CLANG_WARN_EMPTY_BODY = YES;
				CLANG_WARN_ENUM_CONVERSION = YES;
				CLANG_WARN_INFINITE_RECURSION = YES;
				CLANG_WARN_INT_CONVERSION = YES;
				CLANG_WARN_NON_LITERAL_NULL_CONVERSION = YES;
				CLANG_WARN_OBJC_IMPLICIT_RETAIN_SELF = YES;
				CLANG_WARN_OBJC_LITERAL_CONVERSION = YES;
				CLANG_WARN_OBJC_ROOT_CLASS = YES_ERROR;
				CLANG_WARN_QUOTED_INCLUDE_IN_FRAMEWORK_HEADER = YES;
				CLANG_WARN_RANGE_LOOP_ANALYSIS = YES;
				CLANG_WARN_STRICT_PROTOTYPES = YES;
				CLANG_WARN_SUSPICIOUS_MOVE = YES;
				CLANG_WARN_UNGUARDED_AVAILABILITY = YES_AGGRESSIVE;
				CLANG_WARN_UNREACHABLE_CODE = YES;
				CLANG_WARN__DUPLICATE_METHOD_MATCH = YES;
				COPY_PHASE_STRIP = NO;
				DEBUG_INFORMATION_FORMAT = dwarf;
				ENABLE_STRICT_OBJC_MSGSEND = YES;
				ENABLE_TESTABILITY = YES;
				GCC_C_LANGUAGE_STANDARD = gnu11;
				GCC_DYNAMIC_NO_PIC = NO;
				GCC_NO_COMMON_BLOCKS = YES;
				GCC_OPTIMIZATION_LEVEL = 0;
				GCC_PREPROCESSOR_DEFINITIONS = (
					"DEBUG=1",
					"$(inherited)",
				);
				GCC_WARN_64_TO_32_BIT_CONVERSION = YES;
				GCC_WARN_ABOUT_RETURN_TYPE = YES_ERROR;
				GCC_WARN_UNDECLARED_SELECTOR = YES;
				GCC_WARN_UNINITIALIZED_AUTOS = YES_AGGRESSIVE;
				GCC_WARN_UNUSED_FUNCTION = YES;
				GCC_WARN_UNUSED_VARIABLE = YES;
				IPHONEOS_DEPLOYMENT_TARGET = 16.1;
				MTL_ENABLE_DEBUG_INFO = INCLUDE_SOURCE;
				MTL_FAST_MATH = YES;
				ONLY_ACTIVE_ARCH = YES;
				SDKROOT = iphoneos;
				SWIFT_ACTIVE_COMPILATION_CONDITIONS = DEBUG;
				SWIFT_OPTIMIZATION_LEVEL = "-Onone";
			};
			name = Debug;
		};
		652C792E2AE570ED004FACAD /* Release */ = {
			isa = XCBuildConfiguration;
			buildSettings = {
				ALWAYS_SEARCH_USER_PATHS = NO;
				CLANG_ANALYZER_NONNULL = YES;
				CLANG_ANALYZER_NUMBER_OBJECT_CONVERSION = YES_AGGRESSIVE;
				CLANG_CXX_LANGUAGE_STANDARD = "gnu++20";
				CLANG_ENABLE_MODULES = YES;
				CLANG_ENABLE_OBJC_ARC = YES;
				CLANG_ENABLE_OBJC_WEAK = YES;
				CLANG_WARN_BLOCK_CAPTURE_AUTORELEASING = YES;
				CLANG_WARN_BOOL_CONVERSION = YES;
				CLANG_WARN_COMMA = YES;
				CLANG_WARN_CONSTANT_CONVERSION = YES;
				CLANG_WARN_DEPRECATED_OBJC_IMPLEMENTATIONS = YES;
				CLANG_WARN_DIRECT_OBJC_ISA_USAGE = YES_ERROR;
				CLANG_WARN_DOCUMENTATION_COMMENTS = YES;
				CLANG_WARN_EMPTY_BODY = YES;
				CLANG_WARN_ENUM_CONVERSION = YES;
				CLANG_WARN_INFINITE_RECURSION = YES;
				CLANG_WARN_INT_CONVERSION = YES;
				CLANG_WARN_NON_LITERAL_NULL_CONVERSION = YES;
				CLANG_WARN_OBJC_IMPLICIT_RETAIN_SELF = YES;
				CLANG_WARN_OBJC_LITERAL_CONVERSION = YES;
				CLANG_WARN_OBJC_ROOT_CLASS = YES_ERROR;
				CLANG_WARN_QUOTED_INCLUDE_IN_FRAMEWORK_HEADER = YES;
				CLANG_WARN_RANGE_LOOP_ANALYSIS = YES;
				CLANG_WARN_STRICT_PROTOTYPES = YES;
				CLANG_WARN_SUSPICIOUS_MOVE = YES;
				CLANG_WARN_UNGUARDED_AVAILABILITY = YES_AGGRESSIVE;
				CLANG_WARN_UNREACHABLE_CODE = YES;
				CLANG_WARN__DUPLICATE_METHOD_MATCH = YES;
				COPY_PHASE_STRIP = NO;
				DEBUG_INFORMATION_FORMAT = "dwarf-with-dsym";
				ENABLE_NS_ASSERTIONS = NO;
				ENABLE_STRICT_OBJC_MSGSEND = YES;
				GCC_C_LANGUAGE_STANDARD = gnu11;
				GCC_NO_COMMON_BLOCKS = YES;
				GCC_WARN_64_TO_32_BIT_CONVERSION = YES;
				GCC_WARN_ABOUT_RETURN_TYPE = YES_ERROR;
				GCC_WARN_UNDECLARED_SELECTOR = YES;
				GCC_WARN_UNINITIALIZED_AUTOS = YES_AGGRESSIVE;
				GCC_WARN_UNUSED_FUNCTION = YES;
				GCC_WARN_UNUSED_VARIABLE = YES;
				IPHONEOS_DEPLOYMENT_TARGET = 16.1;
				MTL_ENABLE_DEBUG_INFO = NO;
				MTL_FAST_MATH = YES;
				SDKROOT = iphoneos;
				SWIFT_COMPILATION_MODE = wholemodule;
				SWIFT_OPTIMIZATION_LEVEL = "-O";
				VALIDATE_PRODUCT = YES;
			};
			name = Release;
		};
		652C79302AE570ED004FACAD /* Debug */ = {
			isa = XCBuildConfiguration;
			buildSettings = {
				ASSETCATALOG_COMPILER_APPICON_NAME = AppIcon;
				ASSETCATALOG_COMPILER_GLOBAL_ACCENT_COLOR_NAME = AccentColor;
				CODE_SIGN_STYLE = Automatic;
				CURRENT_PROJECT_VERSION = 1;
				GENERATE_INFOPLIST_FILE = YES;
				INFOPLIST_FILE = "Bancomponent-Demo/Info.plist";
				INFOPLIST_KEY_UIApplicationSupportsIndirectInputEvents = YES;
				INFOPLIST_KEY_UILaunchStoryboardName = LaunchScreen;
				INFOPLIST_KEY_UIMainStoryboardFile = Main;
				INFOPLIST_KEY_UISupportedInterfaceOrientations_iPad = "UIInterfaceOrientationPortrait UIInterfaceOrientationPortraitUpsideDown UIInterfaceOrientationLandscapeLeft UIInterfaceOrientationLandscapeRight";
				INFOPLIST_KEY_UISupportedInterfaceOrientations_iPhone = "UIInterfaceOrientationPortrait UIInterfaceOrientationLandscapeLeft UIInterfaceOrientationLandscapeRight";
				IPHONEOS_DEPLOYMENT_TARGET = 13.0;
				LD_RUNPATH_SEARCH_PATHS = (
					"$(inherited)",
					"@executable_path/Frameworks",
				);
				MARKETING_VERSION = 1.0;
				PRODUCT_BUNDLE_IDENTIFIER = "bancom-ui.Bancomponent-Demo";
				PRODUCT_NAME = "$(TARGET_NAME)";
				SWIFT_EMIT_LOC_STRINGS = YES;
				SWIFT_VERSION = 5.0;
				TARGETED_DEVICE_FAMILY = "1,2";
			};
			name = Debug;
		};
		652C79312AE570ED004FACAD /* Release */ = {
			isa = XCBuildConfiguration;
			buildSettings = {
				ASSETCATALOG_COMPILER_APPICON_NAME = AppIcon;
				ASSETCATALOG_COMPILER_GLOBAL_ACCENT_COLOR_NAME = AccentColor;
				CODE_SIGN_STYLE = Automatic;
				CURRENT_PROJECT_VERSION = 1;
				GENERATE_INFOPLIST_FILE = YES;
				INFOPLIST_FILE = "Bancomponent-Demo/Info.plist";
				INFOPLIST_KEY_UIApplicationSupportsIndirectInputEvents = YES;
				INFOPLIST_KEY_UILaunchStoryboardName = LaunchScreen;
				INFOPLIST_KEY_UIMainStoryboardFile = Main;
				INFOPLIST_KEY_UISupportedInterfaceOrientations_iPad = "UIInterfaceOrientationPortrait UIInterfaceOrientationPortraitUpsideDown UIInterfaceOrientationLandscapeLeft UIInterfaceOrientationLandscapeRight";
				INFOPLIST_KEY_UISupportedInterfaceOrientations_iPhone = "UIInterfaceOrientationPortrait UIInterfaceOrientationLandscapeLeft UIInterfaceOrientationLandscapeRight";
				IPHONEOS_DEPLOYMENT_TARGET = 13.0;
				LD_RUNPATH_SEARCH_PATHS = (
					"$(inherited)",
					"@executable_path/Frameworks",
				);
				MARKETING_VERSION = 1.0;
				PRODUCT_BUNDLE_IDENTIFIER = "bancom-ui.Bancomponent-Demo";
				PRODUCT_NAME = "$(TARGET_NAME)";
				SWIFT_EMIT_LOC_STRINGS = YES;
				SWIFT_VERSION = 5.0;
				TARGETED_DEVICE_FAMILY = "1,2";
			};
			name = Release;
		};
/* End XCBuildConfiguration section */

/* Begin XCConfigurationList section */
		652C79162AE570EC004FACAD /* Build configuration list for PBXProject "Bancomponent-Demo" */ = {
			isa = XCConfigurationList;
			buildConfigurations = (
				652C792D2AE570ED004FACAD /* Debug */,
				652C792E2AE570ED004FACAD /* Release */,
			);
			defaultConfigurationIsVisible = 0;
			defaultConfigurationName = Release;
		};
		652C792F2AE570ED004FACAD /* Build configuration list for PBXNativeTarget "Bancomponent-Demo" */ = {
			isa = XCConfigurationList;
			buildConfigurations = (
				652C79302AE570ED004FACAD /* Debug */,
				652C79312AE570ED004FACAD /* Release */,
			);
			defaultConfigurationIsVisible = 0;
			defaultConfigurationName = Release;
		};
/* End XCConfigurationList section */

/* Begin XCRemoteSwiftPackageReference section */
		652E19342AE57C740078197B /* XCRemoteSwiftPackageReference "Bancomponent" */ = {
			isa = XCRemoteSwiftPackageReference;
			repositoryURL = "https://github.com/EAAR85/Bancomponent";
			requirement = {
				branch = 0.1.0;
				kind = branch;
			};
		};
/* End XCRemoteSwiftPackageReference section */

/* Begin XCSwiftPackageProductDependency section */
		652E193A2AE585DF0078197B /* Bancomponent */ = {
			isa = XCSwiftPackageProductDependency;
			package = 652E19342AE57C740078197B /* XCRemoteSwiftPackageReference "Bancomponent" */;
			productName = Bancomponent;
		};
/* End XCSwiftPackageProductDependency section */
	};
	rootObject = 652C79132AE570EC004FACAD /* Project object */;
}
